{
  "version": 4,
  "terraform_version": "1.2.5",
  "serial": 46,
  "lineage": "6f25f2bd-35d6-25b6-fc2a-bd6396a68f40",
  "outputs": {
    "server_rootpws": {
      "value": {
        "svr-workshop-bastion-001": "T9%=NTYM9%9t",
        "svr-workshop-worker-001": "G33+T7%*iiu6e",
        "svr-workshop-worker-002": "M7+q!qUtih",
        "svr-workshop-worker-003": "L5ey@*ghmYLfu"
      },
      "type": [
        "object",
        {
          "svr-workshop-bastion-001": "string",
          "svr-workshop-worker-001": "string",
          "svr-workshop-worker-002": "string",
          "svr-workshop-worker-003": "string"
        }
      ],
      "sensitive": true
    },
    "servers": {
      "value": {
        "svr-workshop-bastion-001": {
          "id": "12164814",
          "name": "svr-workshop-bastion-001",
          "private_ip": "10.0.0.6",
          "public_ip": "101.79.10.41"
        },
        "svr-workshop-worker-001": {
          "id": "12164795",
          "name": "svr-workshop-worker-001",
          "private_ip": "10.0.1.10",
          "public_ip": ""
        },
        "svr-workshop-worker-002": {
          "id": "12164789",
          "name": "svr-workshop-worker-002",
          "private_ip": "10.0.1.9",
          "public_ip": ""
        },
        "svr-workshop-worker-003": {
          "id": "12164791",
          "name": "svr-workshop-worker-003",
          "private_ip": "10.0.1.11",
          "public_ip": ""
        }
      },
      "type": [
        "object",
        {
          "svr-workshop-bastion-001": [
            "object",
            {
              "id": "string",
              "name": "string",
              "private_ip": "string",
              "public_ip": "string"
            }
          ],
          "svr-workshop-worker-001": [
            "object",
            {
              "id": "string",
              "name": "string",
              "private_ip": "string",
              "public_ip": "string"
            }
          ],
          "svr-workshop-worker-002": [
            "object",
            {
              "id": "string",
              "name": "string",
              "private_ip": "string",
              "public_ip": "string"
            }
          ],
          "svr-workshop-worker-003": [
            "object",
            {
              "id": "string",
              "name": "string",
              "private_ip": "string",
              "public_ip": "string"
            }
          ]
        }
      ]
    }
  },
  "resources": [
    {
      "mode": "data",
      "type": "ncloud_root_password",
      "name": "all",
      "provider": "provider[\"registry.terraform.io/navercloudplatform/ncloud\"]",
      "instances": [
        {
          "index_key": "svr-workshop-bastion-001",
          "schema_version": 0,
          "attributes": {
            "id": "12164814",
            "private_key": "-----BEGIN RSA PRIVATE KEY-----\nMIIEpAIBAAKCAQEApsl+/Gv3KDZvivgde1Kjb20qzlvMzqYQsruJy0IwUxwEswto\nDIlbvxQ7ujp9c79PGlSjSBKZnzxIauozzCDjSXAM+caP+C5lkkuCRgNTthCG0inH\nDjN10OaFAwh72GnhTacJnzSFnvM/IhQyvuznZLqf+GEirl1wuh2gAfgGneUZvMsK\nWfRyDuHTWi/I2JvJ6nlBU3NyCptUrw8PhM/DQM9kdhYdZ1Kcy3SegrlY7tmfgFcv\nLMIh/njKJtzgN8SF38hM9zirtpnaQGZvxUh4wrBdAkuwGNuhky4shNTOrEOoPIBp\n0D8OkhOme/9RDKbGTXf3fh6t1fTcBO8orQvpWwIDAQABAoIBAHX6Vh8L5/rD9sbg\nl0oivIUXPY5XFVqf0XP8gI4Mtc40JYbY7LLhfsp873rd4Nu9WaEQeaeDsLMYm0k1\nfYpJQT0zS5prQG+XsjV3wCDyPYatzhBfiPScphws062/lIsS6lJZc87wAgzbl67t\nhq/TOCLieEHjw/p/Ejw0tHhwD44j2XlSzxPsnfAALwkjTVU24n504DimNk7S/lH9\nDpxBhlRMnayrNw7Un3Xm1FPWpRluAfLxdMBynyuiKqsfBYvBfOlDkSgU9zm0Ws6u\nEmJWar7M1U1BXb2mcuQnutcPp8xeQTR5NNM2Bq09mnCw2HNAM9vfKhQTJQpDEnp5\nqwMAk1ECgYEA3+FzHziu6fMX+JxNLqtCJq8hRtG2yKMzF8DcjW5SYp1XVQcZHZva\nv8lQIZ/U216wtjuaarrBekyn+r0ByxaMf6k+g4Vu9NAHOR9j/po0R3bWbpDL9U/K\n3h4Em4gakgbLkVKq7BfnrEfb6KxSJhNFcauqoCjOERWgKSriUTlhl0UCgYEAvrcm\nLAMiBkFT+JOdtxmL00o8L9fcAwCIHfp4nX41LS7sI0536ithV44V5ZWTaGP0JOR0\ncyW+bzkGngP2DKpXZeBM38++Hx+s0CO7kFKO99M8oqfYWygc/JwJFxAV8g1Dy9cO\nWhltvRRf1a0+YqvBiG4kNM0m26cjRT+z5zsNuB8CgYEAm6MnXPUS5CDS8Un3fhIg\nkrP89jakUybhRgoVSV0AeP3Y0It2sla+48UXp8htOXPCdW1KFBhwmIzh2jW7IWwz\nkCwgAV6pnBdibhuccErTPTsoJwUSRR+LcI59tYIQtqNysTw/BpI3xFTQVBg3o7CR\n/kvQ+jZjywy1oujlHII/jeECgYBd0po70rq9WwwlYPGY7z9jjcS4QLhi3bMZFGyc\nBkfA17Gh2OuTTw4PVb4d+QzQsUOdlqpXL31VGDfSKt6z8mUWoFcRUBEXHK0WpE2U\nvZjKAKh22J3OkphYCadLKkWxk6cDs+PCnXnoKArRgu4K+rY2GQFE3Jw+OSZX3fPy\nUJH6PwKBgQDE7eKeht8hVXfsQ8FRI1lKzM81QjtbSX3sO3vUkyej0hTpHN0uywlU\nIv0OQBy78DwXAta8knT17K7rknBxsYCTbqIK49Erxp+Ss9EdOB3PW8FSm3C6zijb\nhdq7nw9rhVUI0YBkx/yYF38qZHCvEH94vBYFg7IegEoX5tygECXr+w==\n-----END RSA PRIVATE KEY-----",
            "root_password": "T9%=NTYM9%9t",
            "server_instance_no": "12164814"
          },
          "sensitive_attributes": [
            [
              {
                "type": "get_attr",
                "value": "private_key"
              }
            ]
          ]
        },
        {
          "index_key": "svr-workshop-worker-001",
          "schema_version": 0,
          "attributes": {
            "id": "12164795",
            "private_key": "-----BEGIN RSA PRIVATE KEY-----\nMIIEpAIBAAKCAQEApsl+/Gv3KDZvivgde1Kjb20qzlvMzqYQsruJy0IwUxwEswto\nDIlbvxQ7ujp9c79PGlSjSBKZnzxIauozzCDjSXAM+caP+C5lkkuCRgNTthCG0inH\nDjN10OaFAwh72GnhTacJnzSFnvM/IhQyvuznZLqf+GEirl1wuh2gAfgGneUZvMsK\nWfRyDuHTWi/I2JvJ6nlBU3NyCptUrw8PhM/DQM9kdhYdZ1Kcy3SegrlY7tmfgFcv\nLMIh/njKJtzgN8SF38hM9zirtpnaQGZvxUh4wrBdAkuwGNuhky4shNTOrEOoPIBp\n0D8OkhOme/9RDKbGTXf3fh6t1fTcBO8orQvpWwIDAQABAoIBAHX6Vh8L5/rD9sbg\nl0oivIUXPY5XFVqf0XP8gI4Mtc40JYbY7LLhfsp873rd4Nu9WaEQeaeDsLMYm0k1\nfYpJQT0zS5prQG+XsjV3wCDyPYatzhBfiPScphws062/lIsS6lJZc87wAgzbl67t\nhq/TOCLieEHjw/p/Ejw0tHhwD44j2XlSzxPsnfAALwkjTVU24n504DimNk7S/lH9\nDpxBhlRMnayrNw7Un3Xm1FPWpRluAfLxdMBynyuiKqsfBYvBfOlDkSgU9zm0Ws6u\nEmJWar7M1U1BXb2mcuQnutcPp8xeQTR5NNM2Bq09mnCw2HNAM9vfKhQTJQpDEnp5\nqwMAk1ECgYEA3+FzHziu6fMX+JxNLqtCJq8hRtG2yKMzF8DcjW5SYp1XVQcZHZva\nv8lQIZ/U216wtjuaarrBekyn+r0ByxaMf6k+g4Vu9NAHOR9j/po0R3bWbpDL9U/K\n3h4Em4gakgbLkVKq7BfnrEfb6KxSJhNFcauqoCjOERWgKSriUTlhl0UCgYEAvrcm\nLAMiBkFT+JOdtxmL00o8L9fcAwCIHfp4nX41LS7sI0536ithV44V5ZWTaGP0JOR0\ncyW+bzkGngP2DKpXZeBM38++Hx+s0CO7kFKO99M8oqfYWygc/JwJFxAV8g1Dy9cO\nWhltvRRf1a0+YqvBiG4kNM0m26cjRT+z5zsNuB8CgYEAm6MnXPUS5CDS8Un3fhIg\nkrP89jakUybhRgoVSV0AeP3Y0It2sla+48UXp8htOXPCdW1KFBhwmIzh2jW7IWwz\nkCwgAV6pnBdibhuccErTPTsoJwUSRR+LcI59tYIQtqNysTw/BpI3xFTQVBg3o7CR\n/kvQ+jZjywy1oujlHII/jeECgYBd0po70rq9WwwlYPGY7z9jjcS4QLhi3bMZFGyc\nBkfA17Gh2OuTTw4PVb4d+QzQsUOdlqpXL31VGDfSKt6z8mUWoFcRUBEXHK0WpE2U\nvZjKAKh22J3OkphYCadLKkWxk6cDs+PCnXnoKArRgu4K+rY2GQFE3Jw+OSZX3fPy\nUJH6PwKBgQDE7eKeht8hVXfsQ8FRI1lKzM81QjtbSX3sO3vUkyej0hTpHN0uywlU\nIv0OQBy78DwXAta8knT17K7rknBxsYCTbqIK49Erxp+Ss9EdOB3PW8FSm3C6zijb\nhdq7nw9rhVUI0YBkx/yYF38qZHCvEH94vBYFg7IegEoX5tygECXr+w==\n-----END RSA PRIVATE KEY-----",
            "root_password": "G33+T7%*iiu6e",
            "server_instance_no": "12164795"
          },
          "sensitive_attributes": [
            [
              {
                "type": "get_attr",
                "value": "private_key"
              }
            ]
          ]
        },
        {
          "index_key": "svr-workshop-worker-002",
          "schema_version": 0,
          "attributes": {
            "id": "12164789",
            "private_key": "-----BEGIN RSA PRIVATE KEY-----\nMIIEpAIBAAKCAQEApsl+/Gv3KDZvivgde1Kjb20qzlvMzqYQsruJy0IwUxwEswto\nDIlbvxQ7ujp9c79PGlSjSBKZnzxIauozzCDjSXAM+caP+C5lkkuCRgNTthCG0inH\nDjN10OaFAwh72GnhTacJnzSFnvM/IhQyvuznZLqf+GEirl1wuh2gAfgGneUZvMsK\nWfRyDuHTWi/I2JvJ6nlBU3NyCptUrw8PhM/DQM9kdhYdZ1Kcy3SegrlY7tmfgFcv\nLMIh/njKJtzgN8SF38hM9zirtpnaQGZvxUh4wrBdAkuwGNuhky4shNTOrEOoPIBp\n0D8OkhOme/9RDKbGTXf3fh6t1fTcBO8orQvpWwIDAQABAoIBAHX6Vh8L5/rD9sbg\nl0oivIUXPY5XFVqf0XP8gI4Mtc40JYbY7LLhfsp873rd4Nu9WaEQeaeDsLMYm0k1\nfYpJQT0zS5prQG+XsjV3wCDyPYatzhBfiPScphws062/lIsS6lJZc87wAgzbl67t\nhq/TOCLieEHjw/p/Ejw0tHhwD44j2XlSzxPsnfAALwkjTVU24n504DimNk7S/lH9\nDpxBhlRMnayrNw7Un3Xm1FPWpRluAfLxdMBynyuiKqsfBYvBfOlDkSgU9zm0Ws6u\nEmJWar7M1U1BXb2mcuQnutcPp8xeQTR5NNM2Bq09mnCw2HNAM9vfKhQTJQpDEnp5\nqwMAk1ECgYEA3+FzHziu6fMX+JxNLqtCJq8hRtG2yKMzF8DcjW5SYp1XVQcZHZva\nv8lQIZ/U216wtjuaarrBekyn+r0ByxaMf6k+g4Vu9NAHOR9j/po0R3bWbpDL9U/K\n3h4Em4gakgbLkVKq7BfnrEfb6KxSJhNFcauqoCjOERWgKSriUTlhl0UCgYEAvrcm\nLAMiBkFT+JOdtxmL00o8L9fcAwCIHfp4nX41LS7sI0536ithV44V5ZWTaGP0JOR0\ncyW+bzkGngP2DKpXZeBM38++Hx+s0CO7kFKO99M8oqfYWygc/JwJFxAV8g1Dy9cO\nWhltvRRf1a0+YqvBiG4kNM0m26cjRT+z5zsNuB8CgYEAm6MnXPUS5CDS8Un3fhIg\nkrP89jakUybhRgoVSV0AeP3Y0It2sla+48UXp8htOXPCdW1KFBhwmIzh2jW7IWwz\nkCwgAV6pnBdibhuccErTPTsoJwUSRR+LcI59tYIQtqNysTw/BpI3xFTQVBg3o7CR\n/kvQ+jZjywy1oujlHII/jeECgYBd0po70rq9WwwlYPGY7z9jjcS4QLhi3bMZFGyc\nBkfA17Gh2OuTTw4PVb4d+QzQsUOdlqpXL31VGDfSKt6z8mUWoFcRUBEXHK0WpE2U\nvZjKAKh22J3OkphYCadLKkWxk6cDs+PCnXnoKArRgu4K+rY2GQFE3Jw+OSZX3fPy\nUJH6PwKBgQDE7eKeht8hVXfsQ8FRI1lKzM81QjtbSX3sO3vUkyej0hTpHN0uywlU\nIv0OQBy78DwXAta8knT17K7rknBxsYCTbqIK49Erxp+Ss9EdOB3PW8FSm3C6zijb\nhdq7nw9rhVUI0YBkx/yYF38qZHCvEH94vBYFg7IegEoX5tygECXr+w==\n-----END RSA PRIVATE KEY-----",
            "root_password": "M7+q!qUtih",
            "server_instance_no": "12164789"
          },
          "sensitive_attributes": [
            [
              {
                "type": "get_attr",
                "value": "private_key"
              }
            ]
          ]
        },
        {
          "index_key": "svr-workshop-worker-003",
          "schema_version": 0,
          "attributes": {
            "id": "12164791",
            "private_key": "-----BEGIN RSA PRIVATE KEY-----\nMIIEpAIBAAKCAQEApsl+/Gv3KDZvivgde1Kjb20qzlvMzqYQsruJy0IwUxwEswto\nDIlbvxQ7ujp9c79PGlSjSBKZnzxIauozzCDjSXAM+caP+C5lkkuCRgNTthCG0inH\nDjN10OaFAwh72GnhTacJnzSFnvM/IhQyvuznZLqf+GEirl1wuh2gAfgGneUZvMsK\nWfRyDuHTWi/I2JvJ6nlBU3NyCptUrw8PhM/DQM9kdhYdZ1Kcy3SegrlY7tmfgFcv\nLMIh/njKJtzgN8SF38hM9zirtpnaQGZvxUh4wrBdAkuwGNuhky4shNTOrEOoPIBp\n0D8OkhOme/9RDKbGTXf3fh6t1fTcBO8orQvpWwIDAQABAoIBAHX6Vh8L5/rD9sbg\nl0oivIUXPY5XFVqf0XP8gI4Mtc40JYbY7LLhfsp873rd4Nu9WaEQeaeDsLMYm0k1\nfYpJQT0zS5prQG+XsjV3wCDyPYatzhBfiPScphws062/lIsS6lJZc87wAgzbl67t\nhq/TOCLieEHjw/p/Ejw0tHhwD44j2XlSzxPsnfAALwkjTVU24n504DimNk7S/lH9\nDpxBhlRMnayrNw7Un3Xm1FPWpRluAfLxdMBynyuiKqsfBYvBfOlDkSgU9zm0Ws6u\nEmJWar7M1U1BXb2mcuQnutcPp8xeQTR5NNM2Bq09mnCw2HNAM9vfKhQTJQpDEnp5\nqwMAk1ECgYEA3+FzHziu6fMX+JxNLqtCJq8hRtG2yKMzF8DcjW5SYp1XVQcZHZva\nv8lQIZ/U216wtjuaarrBekyn+r0ByxaMf6k+g4Vu9NAHOR9j/po0R3bWbpDL9U/K\n3h4Em4gakgbLkVKq7BfnrEfb6KxSJhNFcauqoCjOERWgKSriUTlhl0UCgYEAvrcm\nLAMiBkFT+JOdtxmL00o8L9fcAwCIHfp4nX41LS7sI0536ithV44V5ZWTaGP0JOR0\ncyW+bzkGngP2DKpXZeBM38++Hx+s0CO7kFKO99M8oqfYWygc/JwJFxAV8g1Dy9cO\nWhltvRRf1a0+YqvBiG4kNM0m26cjRT+z5zsNuB8CgYEAm6MnXPUS5CDS8Un3fhIg\nkrP89jakUybhRgoVSV0AeP3Y0It2sla+48UXp8htOXPCdW1KFBhwmIzh2jW7IWwz\nkCwgAV6pnBdibhuccErTPTsoJwUSRR+LcI59tYIQtqNysTw/BpI3xFTQVBg3o7CR\n/kvQ+jZjywy1oujlHII/jeECgYBd0po70rq9WwwlYPGY7z9jjcS4QLhi3bMZFGyc\nBkfA17Gh2OuTTw4PVb4d+QzQsUOdlqpXL31VGDfSKt6z8mUWoFcRUBEXHK0WpE2U\nvZjKAKh22J3OkphYCadLKkWxk6cDs+PCnXnoKArRgu4K+rY2GQFE3Jw+OSZX3fPy\nUJH6PwKBgQDE7eKeht8hVXfsQ8FRI1lKzM81QjtbSX3sO3vUkyej0hTpHN0uywlU\nIv0OQBy78DwXAta8knT17K7rknBxsYCTbqIK49Erxp+Ss9EdOB3PW8FSm3C6zijb\nhdq7nw9rhVUI0YBkx/yYF38qZHCvEH94vBYFg7IegEoX5tygECXr+w==\n-----END RSA PRIVATE KEY-----",
            "root_password": "L5ey@*ghmYLfu",
            "server_instance_no": "12164791"
          },
          "sensitive_attributes": [
            [
              {
                "type": "get_attr",
                "value": "private_key"
              }
            ]
          ]
        }
      ]
    },
    {
      "mode": "managed",
      "type": "local_file",
      "name": "private_key",
      "provider": "provider[\"registry.terraform.io/hashicorp/local\"]",
      "instances": [
        {
          "schema_version": 0,
          "attributes": {
            "content": "-----BEGIN RSA PRIVATE KEY-----\nMIIEpAIBAAKCAQEApsl+/Gv3KDZvivgde1Kjb20qzlvMzqYQsruJy0IwUxwEswto\nDIlbvxQ7ujp9c79PGlSjSBKZnzxIauozzCDjSXAM+caP+C5lkkuCRgNTthCG0inH\nDjN10OaFAwh72GnhTacJnzSFnvM/IhQyvuznZLqf+GEirl1wuh2gAfgGneUZvMsK\nWfRyDuHTWi/I2JvJ6nlBU3NyCptUrw8PhM/DQM9kdhYdZ1Kcy3SegrlY7tmfgFcv\nLMIh/njKJtzgN8SF38hM9zirtpnaQGZvxUh4wrBdAkuwGNuhky4shNTOrEOoPIBp\n0D8OkhOme/9RDKbGTXf3fh6t1fTcBO8orQvpWwIDAQABAoIBAHX6Vh8L5/rD9sbg\nl0oivIUXPY5XFVqf0XP8gI4Mtc40JYbY7LLhfsp873rd4Nu9WaEQeaeDsLMYm0k1\nfYpJQT0zS5prQG+XsjV3wCDyPYatzhBfiPScphws062/lIsS6lJZc87wAgzbl67t\nhq/TOCLieEHjw/p/Ejw0tHhwD44j2XlSzxPsnfAALwkjTVU24n504DimNk7S/lH9\nDpxBhlRMnayrNw7Un3Xm1FPWpRluAfLxdMBynyuiKqsfBYvBfOlDkSgU9zm0Ws6u\nEmJWar7M1U1BXb2mcuQnutcPp8xeQTR5NNM2Bq09mnCw2HNAM9vfKhQTJQpDEnp5\nqwMAk1ECgYEA3+FzHziu6fMX+JxNLqtCJq8hRtG2yKMzF8DcjW5SYp1XVQcZHZva\nv8lQIZ/U216wtjuaarrBekyn+r0ByxaMf6k+g4Vu9NAHOR9j/po0R3bWbpDL9U/K\n3h4Em4gakgbLkVKq7BfnrEfb6KxSJhNFcauqoCjOERWgKSriUTlhl0UCgYEAvrcm\nLAMiBkFT+JOdtxmL00o8L9fcAwCIHfp4nX41LS7sI0536ithV44V5ZWTaGP0JOR0\ncyW+bzkGngP2DKpXZeBM38++Hx+s0CO7kFKO99M8oqfYWygc/JwJFxAV8g1Dy9cO\nWhltvRRf1a0+YqvBiG4kNM0m26cjRT+z5zsNuB8CgYEAm6MnXPUS5CDS8Un3fhIg\nkrP89jakUybhRgoVSV0AeP3Y0It2sla+48UXp8htOXPCdW1KFBhwmIzh2jW7IWwz\nkCwgAV6pnBdibhuccErTPTsoJwUSRR+LcI59tYIQtqNysTw/BpI3xFTQVBg3o7CR\n/kvQ+jZjywy1oujlHII/jeECgYBd0po70rq9WwwlYPGY7z9jjcS4QLhi3bMZFGyc\nBkfA17Gh2OuTTw4PVb4d+QzQsUOdlqpXL31VGDfSKt6z8mUWoFcRUBEXHK0WpE2U\nvZjKAKh22J3OkphYCadLKkWxk6cDs+PCnXnoKArRgu4K+rY2GQFE3Jw+OSZX3fPy\nUJH6PwKBgQDE7eKeht8hVXfsQ8FRI1lKzM81QjtbSX3sO3vUkyej0hTpHN0uywlU\nIv0OQBy78DwXAta8knT17K7rknBxsYCTbqIK49Erxp+Ss9EdOB3PW8FSm3C6zijb\nhdq7nw9rhVUI0YBkx/yYF38qZHCvEH94vBYFg7IegEoX5tygECXr+w==\n-----END RSA PRIVATE KEY-----",
            "content_base64": null,
            "directory_permission": "0777",
            "file_permission": "0400",
            "filename": "./key-workshop.pem",
            "id": "a3d5052445cc736404bf785e0fc9693d4f7ccdc5",
            "sensitive_content": null,
            "source": null
          },
          "sensitive_attributes": [
            [
              {
                "type": "get_attr",
                "value": "content"
              }
            ]
          ],
          "private": "bnVsbA==",
          "dependencies": [
            "ncloud_login_key.loginkey"
          ]
        }
      ]
    },
    {
      "mode": "managed",
      "type": "ncloud_login_key",
      "name": "loginkey",
      "provider": "provider[\"registry.terraform.io/navercloudplatform/ncloud\"]",
      "instances": [
        {
          "schema_version": 0,
          "attributes": {
            "fingerprint": "11:78:70:a5:a1:30:c1:bd:1a:16:49:4f:c1:ac:f2:45",
            "id": "key-workshop",
            "key_name": "key-workshop",
            "private_key": "-----BEGIN RSA PRIVATE KEY-----\nMIIEpAIBAAKCAQEApsl+/Gv3KDZvivgde1Kjb20qzlvMzqYQsruJy0IwUxwEswto\nDIlbvxQ7ujp9c79PGlSjSBKZnzxIauozzCDjSXAM+caP+C5lkkuCRgNTthCG0inH\nDjN10OaFAwh72GnhTacJnzSFnvM/IhQyvuznZLqf+GEirl1wuh2gAfgGneUZvMsK\nWfRyDuHTWi/I2JvJ6nlBU3NyCptUrw8PhM/DQM9kdhYdZ1Kcy3SegrlY7tmfgFcv\nLMIh/njKJtzgN8SF38hM9zirtpnaQGZvxUh4wrBdAkuwGNuhky4shNTOrEOoPIBp\n0D8OkhOme/9RDKbGTXf3fh6t1fTcBO8orQvpWwIDAQABAoIBAHX6Vh8L5/rD9sbg\nl0oivIUXPY5XFVqf0XP8gI4Mtc40JYbY7LLhfsp873rd4Nu9WaEQeaeDsLMYm0k1\nfYpJQT0zS5prQG+XsjV3wCDyPYatzhBfiPScphws062/lIsS6lJZc87wAgzbl67t\nhq/TOCLieEHjw/p/Ejw0tHhwD44j2XlSzxPsnfAALwkjTVU24n504DimNk7S/lH9\nDpxBhlRMnayrNw7Un3Xm1FPWpRluAfLxdMBynyuiKqsfBYvBfOlDkSgU9zm0Ws6u\nEmJWar7M1U1BXb2mcuQnutcPp8xeQTR5NNM2Bq09mnCw2HNAM9vfKhQTJQpDEnp5\nqwMAk1ECgYEA3+FzHziu6fMX+JxNLqtCJq8hRtG2yKMzF8DcjW5SYp1XVQcZHZva\nv8lQIZ/U216wtjuaarrBekyn+r0ByxaMf6k+g4Vu9NAHOR9j/po0R3bWbpDL9U/K\n3h4Em4gakgbLkVKq7BfnrEfb6KxSJhNFcauqoCjOERWgKSriUTlhl0UCgYEAvrcm\nLAMiBkFT+JOdtxmL00o8L9fcAwCIHfp4nX41LS7sI0536ithV44V5ZWTaGP0JOR0\ncyW+bzkGngP2DKpXZeBM38++Hx+s0CO7kFKO99M8oqfYWygc/JwJFxAV8g1Dy9cO\nWhltvRRf1a0+YqvBiG4kNM0m26cjRT+z5zsNuB8CgYEAm6MnXPUS5CDS8Un3fhIg\nkrP89jakUybhRgoVSV0AeP3Y0It2sla+48UXp8htOXPCdW1KFBhwmIzh2jW7IWwz\nkCwgAV6pnBdibhuccErTPTsoJwUSRR+LcI59tYIQtqNysTw/BpI3xFTQVBg3o7CR\n/kvQ+jZjywy1oujlHII/jeECgYBd0po70rq9WwwlYPGY7z9jjcS4QLhi3bMZFGyc\nBkfA17Gh2OuTTw4PVb4d+QzQsUOdlqpXL31VGDfSKt6z8mUWoFcRUBEXHK0WpE2U\nvZjKAKh22J3OkphYCadLKkWxk6cDs+PCnXnoKArRgu4K+rY2GQFE3Jw+OSZX3fPy\nUJH6PwKBgQDE7eKeht8hVXfsQ8FRI1lKzM81QjtbSX3sO3vUkyej0hTpHN0uywlU\nIv0OQBy78DwXAta8knT17K7rknBxsYCTbqIK49Erxp+Ss9EdOB3PW8FSm3C6zijb\nhdq7nw9rhVUI0YBkx/yYF38qZHCvEH94vBYFg7IegEoX5tygECXr+w==\n-----END RSA PRIVATE KEY-----",
            "timeouts": null
          },
          "sensitive_attributes": [],
          "private": "eyJlMmJmYjczMC1lY2FhLTExZTYtOGY4OC0zNDM2M2JjN2M0YzAiOnsiY3JlYXRlIjozMDAwMDAwMDAwMDAsImRlbGV0ZSI6MzAwMDAwMDAwMDAwfX0="
        }
      ]
    },
    {
      "module": "module.servers[\"svr-workshop-bastion-001\"]",
      "mode": "data",
      "type": "ncloud_server_image",
      "name": "server_image",
      "provider": "provider[\"registry.terraform.io/navercloudplatform/ncloud\"]",
      "instances": [
        {
          "schema_version": 0,
          "attributes": {
            "base_block_storage_size": "50GB",
            "exclusion_product_code": null,
            "filter": [
              {
                "name": "product_name",
                "regex": false,
                "values": [
                  "CentOS 7.8 (64-bit)"
                ]
              }
            ],
            "id": "SW.VSVR.OS.LNX64.CNTOS.0708.B050",
            "infra_resource_detail_type_code": null,
            "infra_resource_type": "SW",
            "os_information": "CentOS 7.8 (64-bit)",
            "platform_type": "LNX64",
            "platform_type_code_list": null,
            "product_code": "SW.VSVR.OS.LNX64.CNTOS.0708.B050",
            "product_description": "CentOS 7.8 (64-bit)",
            "product_name": "CentOS 7.8 (64-bit)",
            "product_name_regex": null,
            "product_type": "LINUX"
          },
          "sensitive_attributes": []
        }
      ]
    },
    {
      "module": "module.servers[\"svr-workshop-bastion-001\"]",
      "mode": "data",
      "type": "ncloud_server_product",
      "name": "server_product",
      "provider": "provider[\"registry.terraform.io/navercloudplatform/ncloud\"]",
      "instances": [
        {
          "schema_version": 0,
          "attributes": {
            "base_block_storage_size": "50GB",
            "cpu_count": 2,
            "disk_type": "NET",
            "exclusion_product_code": null,
            "filter": [
              {
                "name": "generation_code",
                "regex": false,
                "values": [
                  "G2"
                ]
              },
              {
                "name": "product_name",
                "regex": false,
                "values": [
                  "vCPU 2EA, Memory 4GB, [SSD]Disk 50GB"
                ]
              },
              {
                "name": "product_type",
                "regex": false,
                "values": [
                  "HICPU"
                ]
              }
            ],
            "generation_code": "G2",
            "id": "SVR.VSVR.HICPU.C002.M004.NET.SSD.B050.G002",
            "infra_resource_type": "VSVR",
            "internet_line_type_code": null,
            "memory_size": "4GB",
            "product_code": "SVR.VSVR.HICPU.C002.M004.NET.SSD.B050.G002",
            "product_description": "vCPU 2EA, Memory 4GB, [SSD]Disk 50GB",
            "product_name": "vCPU 2EA, Memory 4GB, [SSD]Disk 50GB",
            "product_name_regex": null,
            "product_type": "HICPU",
            "server_image_product_code": "SW.VSVR.OS.LNX64.CNTOS.0708.B050",
            "zone": null
          },
          "sensitive_attributes": []
        }
      ]
    },
    {
      "module": "module.servers[\"svr-workshop-bastion-001\"]",
      "mode": "managed",
      "type": "ncloud_network_interface",
      "name": "default_nic",
      "provider": "provider[\"registry.terraform.io/navercloudplatform/ncloud\"]",
      "instances": [
        {
          "schema_version": 0,
          "attributes": {
            "access_control_groups": [
              "63618"
            ],
            "description": "default nic for bastion server",
            "id": "890469",
            "instance_type": "VSVR",
            "is_default": true,
            "name": "nic-workshop-bastion-001-def",
            "network_interface_no": "890469",
            "private_ip": "10.0.0.6",
            "server_instance_no": "12164814",
            "status": "USED",
            "subnet_no": "54066"
          },
          "sensitive_attributes": [],
          "private": "bnVsbA==",
          "dependencies": [
            "module.vpc.ncloud_access_control_group.acgs",
            "module.vpc.ncloud_network_acl.network_acls",
            "module.vpc.ncloud_subnet.loadbalancer_subnets",
            "module.vpc.ncloud_subnet.private_subnets",
            "module.vpc.ncloud_subnet.public_subnets",
            "module.vpc.ncloud_vpc.vpc"
          ]
        }
      ]
    },
    {
      "module": "module.servers[\"svr-workshop-bastion-001\"]",
      "mode": "managed",
      "type": "ncloud_public_ip",
      "name": "public_ip",
      "provider": "provider[\"registry.terraform.io/navercloudplatform/ncloud\"]",
      "instances": [
        {
          "index_key": 0,
          "schema_version": 0,
          "attributes": {
            "description": "",
            "id": "12164731",
            "instance_no": "12164731",
            "internet_line_type": null,
            "kind_type": null,
            "public_ip": "101.79.10.41",
            "public_ip_no": "12164731",
            "server_instance_no": "12164814",
            "zone": null
          },
          "sensitive_attributes": [],
          "private": "bnVsbA==",
          "dependencies": [
            "module.servers.data.ncloud_server_image.server_image",
            "module.servers.data.ncloud_server_product.server_product",
            "module.servers.ncloud_network_interface.default_nic",
            "module.servers.ncloud_server.server",
            "module.vpc.ncloud_access_control_group.acgs",
            "module.vpc.ncloud_network_acl.network_acls",
            "module.vpc.ncloud_subnet.loadbalancer_subnets",
            "module.vpc.ncloud_subnet.private_subnets",
            "module.vpc.ncloud_subnet.public_subnets",
            "module.vpc.ncloud_vpc.vpc",
            "ncloud_login_key.loginkey"
          ]
        }
      ]
    },
    {
      "module": "module.servers[\"svr-workshop-bastion-001\"]",
      "mode": "managed",
      "type": "ncloud_server",
      "name": "server",
      "provider": "provider[\"registry.terraform.io/navercloudplatform/ncloud\"]",
      "instances": [
        {
          "schema_version": 0,
          "attributes": {
            "access_control_group_configuration_no_list": null,
            "base_block_storage_disk_detail_type": "SSD",
            "base_block_storage_disk_type": "NET",
            "base_block_storage_size": null,
            "cpu_count": 2,
            "description": "bastion server",
            "fee_system_type_code": null,
            "id": "12164814",
            "init_script_no": "",
            "instance_no": "12164814",
            "internet_line_type": null,
            "is_encrypted_base_block_storage_volume": false,
            "is_fee_charging_monitoring": null,
            "is_protect_server_termination": false,
            "login_key_name": "key-workshop",
            "member_server_image_no": null,
            "memory_size": 4294967296,
            "name": "svr-workshop-bastion-001",
            "network_interface": [
              {
                "network_interface_no": "890469",
                "order": 0,
                "private_ip": "10.0.0.6",
                "subnet_no": "54066"
              }
            ],
            "placement_group_no": "",
            "platform_type": "LNX64",
            "port_forwarding_external_port": null,
            "port_forwarding_internal_port": null,
            "port_forwarding_public_ip": null,
            "private_ip": null,
            "public_ip": "101.79.10.41",
            "raid_type_name": null,
            "region": null,
            "server_image_name": null,
            "server_image_product_code": "SW.VSVR.OS.LNX64.CNTOS.0708.B050",
            "server_product_code": "SVR.VSVR.HICPU.C002.M004.NET.SSD.B050.G002",
            "subnet_no": "54066",
            "tag_list": [],
            "timeouts": null,
            "user_data": null,
            "vpc_no": "25448",
            "zone": "KR-1"
          },
          "sensitive_attributes": [],
          "private": "eyJlMmJmYjczMC1lY2FhLTExZTYtOGY4OC0zNDM2M2JjN2M0YzAiOnsiY3JlYXRlIjozNjAwMDAwMDAwMDAwLCJkZWxldGUiOjMwMDAwMDAwMDAwMH19",
          "dependencies": [
            "module.servers.data.ncloud_server_image.server_image",
            "module.servers.data.ncloud_server_product.server_product",
            "module.servers.ncloud_network_interface.default_nic",
            "module.vpc.ncloud_access_control_group.acgs",
            "module.vpc.ncloud_network_acl.network_acls",
            "module.vpc.ncloud_subnet.loadbalancer_subnets",
            "module.vpc.ncloud_subnet.private_subnets",
            "module.vpc.ncloud_subnet.public_subnets",
            "module.vpc.ncloud_vpc.vpc",
            "ncloud_login_key.loginkey"
          ]
        }
      ]
    },
    {
      "module": "module.servers[\"svr-workshop-worker-001\"]",
      "mode": "data",
      "type": "ncloud_server_image",
      "name": "server_image",
      "provider": "provider[\"registry.terraform.io/navercloudplatform/ncloud\"]",
      "instances": [
        {
          "schema_version": 0,
          "attributes": {
            "base_block_storage_size": "50GB",
            "exclusion_product_code": null,
            "filter": [
              {
                "name": "product_name",
                "regex": false,
                "values": [
                  "CentOS 7.8 (64-bit)"
                ]
              }
            ],
            "id": "SW.VSVR.OS.LNX64.CNTOS.0708.B050",
            "infra_resource_detail_type_code": null,
            "infra_resource_type": "SW",
            "os_information": "CentOS 7.8 (64-bit)",
            "platform_type": "LNX64",
            "platform_type_code_list": null,
            "product_code": "SW.VSVR.OS.LNX64.CNTOS.0708.B050",
            "product_description": "CentOS 7.8 (64-bit)",
            "product_name": "CentOS 7.8 (64-bit)",
            "product_name_regex": null,
            "product_type": "LINUX"
          },
          "sensitive_attributes": []
        }
      ]
    },
    {
      "module": "module.servers[\"svr-workshop-worker-001\"]",
      "mode": "data",
      "type": "ncloud_server_product",
      "name": "server_product",
      "provider": "provider[\"registry.terraform.io/navercloudplatform/ncloud\"]",
      "instances": [
        {
          "schema_version": 0,
          "attributes": {
            "base_block_storage_size": "50GB",
            "cpu_count": 2,
            "disk_type": "NET",
            "exclusion_product_code": null,
            "filter": [
              {
                "name": "generation_code",
                "regex": false,
                "values": [
                  "G2"
                ]
              },
              {
                "name": "product_name",
                "regex": false,
                "values": [
                  "vCPU 2EA, Memory 4GB, [SSD]Disk 50GB"
                ]
              },
              {
                "name": "product_type",
                "regex": false,
                "values": [
                  "HICPU"
                ]
              }
            ],
            "generation_code": "G2",
            "id": "SVR.VSVR.HICPU.C002.M004.NET.SSD.B050.G002",
            "infra_resource_type": "VSVR",
            "internet_line_type_code": null,
            "memory_size": "4GB",
            "product_code": "SVR.VSVR.HICPU.C002.M004.NET.SSD.B050.G002",
            "product_description": "vCPU 2EA, Memory 4GB, [SSD]Disk 50GB",
            "product_name": "vCPU 2EA, Memory 4GB, [SSD]Disk 50GB",
            "product_name_regex": null,
            "product_type": "HICPU",
            "server_image_product_code": "SW.VSVR.OS.LNX64.CNTOS.0708.B050",
            "zone": null
          },
          "sensitive_attributes": []
        }
      ]
    },
    {
      "module": "module.servers[\"svr-workshop-worker-001\"]",
      "mode": "managed",
      "type": "ncloud_network_interface",
      "name": "default_nic",
      "provider": "provider[\"registry.terraform.io/navercloudplatform/ncloud\"]",
      "instances": [
        {
          "schema_version": 0,
          "attributes": {
            "access_control_groups": [
              "63619"
            ],
            "description": "default nic for worker servers",
            "id": "890462",
            "instance_type": "VSVR",
            "is_default": true,
            "name": "nic-workshop-worker-001-def",
            "network_interface_no": "890462",
            "private_ip": "10.0.1.10",
            "server_instance_no": "12164795",
            "status": "USED",
            "subnet_no": "54067"
          },
          "sensitive_attributes": [],
          "private": "bnVsbA==",
          "dependencies": [
            "module.vpc.ncloud_access_control_group.acgs",
            "module.vpc.ncloud_network_acl.network_acls",
            "module.vpc.ncloud_subnet.loadbalancer_subnets",
            "module.vpc.ncloud_subnet.private_subnets",
            "module.vpc.ncloud_subnet.public_subnets",
            "module.vpc.ncloud_vpc.vpc"
          ]
        }
      ]
    },
    {
      "module": "module.servers[\"svr-workshop-worker-001\"]",
      "mode": "managed",
      "type": "ncloud_server",
      "name": "server",
      "provider": "provider[\"registry.terraform.io/navercloudplatform/ncloud\"]",
      "instances": [
        {
          "schema_version": 0,
          "attributes": {
            "access_control_group_configuration_no_list": null,
            "base_block_storage_disk_detail_type": "SSD",
            "base_block_storage_disk_type": "NET",
            "base_block_storage_size": null,
            "cpu_count": 2,
            "description": "worker servers",
            "fee_system_type_code": null,
            "id": "12164795",
            "init_script_no": "",
            "instance_no": "12164795",
            "internet_line_type": null,
            "is_encrypted_base_block_storage_volume": false,
            "is_fee_charging_monitoring": null,
            "is_protect_server_termination": false,
            "login_key_name": "key-workshop",
            "member_server_image_no": null,
            "memory_size": 4294967296,
            "name": "svr-workshop-worker-001",
            "network_interface": [
              {
                "network_interface_no": "890462",
                "order": 0,
                "private_ip": "10.0.1.10",
                "subnet_no": "54067"
              }
            ],
            "placement_group_no": "",
            "platform_type": "LNX64",
            "port_forwarding_external_port": null,
            "port_forwarding_internal_port": null,
            "port_forwarding_public_ip": null,
            "private_ip": null,
            "public_ip": "",
            "raid_type_name": null,
            "region": null,
            "server_image_name": null,
            "server_image_product_code": "SW.VSVR.OS.LNX64.CNTOS.0708.B050",
            "server_product_code": "SVR.VSVR.HICPU.C002.M004.NET.SSD.B050.G002",
            "subnet_no": "54067",
            "tag_list": [],
            "timeouts": null,
            "user_data": null,
            "vpc_no": "25448",
            "zone": "KR-1"
          },
          "sensitive_attributes": [],
          "private": "eyJlMmJmYjczMC1lY2FhLTExZTYtOGY4OC0zNDM2M2JjN2M0YzAiOnsiY3JlYXRlIjozNjAwMDAwMDAwMDAwLCJkZWxldGUiOjMwMDAwMDAwMDAwMH19",
          "dependencies": [
            "module.servers.data.ncloud_server_image.server_image",
            "module.servers.data.ncloud_server_product.server_product",
            "module.servers.ncloud_network_interface.default_nic",
            "module.vpc.ncloud_access_control_group.acgs",
            "module.vpc.ncloud_network_acl.network_acls",
            "module.vpc.ncloud_subnet.loadbalancer_subnets",
            "module.vpc.ncloud_subnet.private_subnets",
            "module.vpc.ncloud_subnet.public_subnets",
            "module.vpc.ncloud_vpc.vpc",
            "ncloud_login_key.loginkey"
          ]
        }
      ]
    },
    {
      "module": "module.servers[\"svr-workshop-worker-002\"]",
      "mode": "data",
      "type": "ncloud_server_image",
      "name": "server_image",
      "provider": "provider[\"registry.terraform.io/navercloudplatform/ncloud\"]",
      "instances": [
        {
          "schema_version": 0,
          "attributes": {
            "base_block_storage_size": "50GB",
            "exclusion_product_code": null,
            "filter": [
              {
                "name": "product_name",
                "regex": false,
                "values": [
                  "CentOS 7.8 (64-bit)"
                ]
              }
            ],
            "id": "SW.VSVR.OS.LNX64.CNTOS.0708.B050",
            "infra_resource_detail_type_code": null,
            "infra_resource_type": "SW",
            "os_information": "CentOS 7.8 (64-bit)",
            "platform_type": "LNX64",
            "platform_type_code_list": null,
            "product_code": "SW.VSVR.OS.LNX64.CNTOS.0708.B050",
            "product_description": "CentOS 7.8 (64-bit)",
            "product_name": "CentOS 7.8 (64-bit)",
            "product_name_regex": null,
            "product_type": "LINUX"
          },
          "sensitive_attributes": []
        }
      ]
    },
    {
      "module": "module.servers[\"svr-workshop-worker-002\"]",
      "mode": "data",
      "type": "ncloud_server_product",
      "name": "server_product",
      "provider": "provider[\"registry.terraform.io/navercloudplatform/ncloud\"]",
      "instances": [
        {
          "schema_version": 0,
          "attributes": {
            "base_block_storage_size": "50GB",
            "cpu_count": 2,
            "disk_type": "NET",
            "exclusion_product_code": null,
            "filter": [
              {
                "name": "generation_code",
                "regex": false,
                "values": [
                  "G2"
                ]
              },
              {
                "name": "product_name",
                "regex": false,
                "values": [
                  "vCPU 2EA, Memory 4GB, [SSD]Disk 50GB"
                ]
              },
              {
                "name": "product_type",
                "regex": false,
                "values": [
                  "HICPU"
                ]
              }
            ],
            "generation_code": "G2",
            "id": "SVR.VSVR.HICPU.C002.M004.NET.SSD.B050.G002",
            "infra_resource_type": "VSVR",
            "internet_line_type_code": null,
            "memory_size": "4GB",
            "product_code": "SVR.VSVR.HICPU.C002.M004.NET.SSD.B050.G002",
            "product_description": "vCPU 2EA, Memory 4GB, [SSD]Disk 50GB",
            "product_name": "vCPU 2EA, Memory 4GB, [SSD]Disk 50GB",
            "product_name_regex": null,
            "product_type": "HICPU",
            "server_image_product_code": "SW.VSVR.OS.LNX64.CNTOS.0708.B050",
            "zone": null
          },
          "sensitive_attributes": []
        }
      ]
    },
    {
      "module": "module.servers[\"svr-workshop-worker-002\"]",
      "mode": "managed",
      "type": "ncloud_network_interface",
      "name": "default_nic",
      "provider": "provider[\"registry.terraform.io/navercloudplatform/ncloud\"]",
      "instances": [
        {
          "schema_version": 0,
          "attributes": {
            "access_control_groups": [
              "63619"
            ],
            "description": "default nic for worker servers",
            "id": "890461",
            "instance_type": "VSVR",
            "is_default": true,
            "name": "nic-workshop-worker-002-def",
            "network_interface_no": "890461",
            "private_ip": "10.0.1.9",
            "server_instance_no": "12164789",
            "status": "USED",
            "subnet_no": "54067"
          },
          "sensitive_attributes": [],
          "private": "bnVsbA==",
          "dependencies": [
            "module.vpc.ncloud_access_control_group.acgs",
            "module.vpc.ncloud_network_acl.network_acls",
            "module.vpc.ncloud_subnet.loadbalancer_subnets",
            "module.vpc.ncloud_subnet.private_subnets",
            "module.vpc.ncloud_subnet.public_subnets",
            "module.vpc.ncloud_vpc.vpc"
          ]
        }
      ]
    },
    {
      "module": "module.servers[\"svr-workshop-worker-002\"]",
      "mode": "managed",
      "type": "ncloud_server",
      "name": "server",
      "provider": "provider[\"registry.terraform.io/navercloudplatform/ncloud\"]",
      "instances": [
        {
          "schema_version": 0,
          "attributes": {
            "access_control_group_configuration_no_list": null,
            "base_block_storage_disk_detail_type": "SSD",
            "base_block_storage_disk_type": "NET",
            "base_block_storage_size": null,
            "cpu_count": 2,
            "description": "worker servers",
            "fee_system_type_code": null,
            "id": "12164789",
            "init_script_no": "",
            "instance_no": "12164789",
            "internet_line_type": null,
            "is_encrypted_base_block_storage_volume": false,
            "is_fee_charging_monitoring": null,
            "is_protect_server_termination": false,
            "login_key_name": "key-workshop",
            "member_server_image_no": null,
            "memory_size": 4294967296,
            "name": "svr-workshop-worker-002",
            "network_interface": [
              {
                "network_interface_no": "890461",
                "order": 0,
                "private_ip": "10.0.1.9",
                "subnet_no": "54067"
              }
            ],
            "placement_group_no": "",
            "platform_type": "LNX64",
            "port_forwarding_external_port": null,
            "port_forwarding_internal_port": null,
            "port_forwarding_public_ip": null,
            "private_ip": null,
            "public_ip": "",
            "raid_type_name": null,
            "region": null,
            "server_image_name": null,
            "server_image_product_code": "SW.VSVR.OS.LNX64.CNTOS.0708.B050",
            "server_product_code": "SVR.VSVR.HICPU.C002.M004.NET.SSD.B050.G002",
            "subnet_no": "54067",
            "tag_list": [],
            "timeouts": null,
            "user_data": null,
            "vpc_no": "25448",
            "zone": "KR-1"
          },
          "sensitive_attributes": [],
          "private": "eyJlMmJmYjczMC1lY2FhLTExZTYtOGY4OC0zNDM2M2JjN2M0YzAiOnsiY3JlYXRlIjozNjAwMDAwMDAwMDAwLCJkZWxldGUiOjMwMDAwMDAwMDAwMH19",
          "dependencies": [
            "module.servers.data.ncloud_server_image.server_image",
            "module.servers.data.ncloud_server_product.server_product",
            "module.servers.ncloud_network_interface.default_nic",
            "module.vpc.ncloud_access_control_group.acgs",
            "module.vpc.ncloud_network_acl.network_acls",
            "module.vpc.ncloud_subnet.loadbalancer_subnets",
            "module.vpc.ncloud_subnet.private_subnets",
            "module.vpc.ncloud_subnet.public_subnets",
            "module.vpc.ncloud_vpc.vpc",
            "ncloud_login_key.loginkey"
          ]
        }
      ]
    },
    {
      "module": "module.servers[\"svr-workshop-worker-003\"]",
      "mode": "data",
      "type": "ncloud_server_image",
      "name": "server_image",
      "provider": "provider[\"registry.terraform.io/navercloudplatform/ncloud\"]",
      "instances": [
        {
          "schema_version": 0,
          "attributes": {
            "base_block_storage_size": "50GB",
            "exclusion_product_code": null,
            "filter": [
              {
                "name": "product_name",
                "regex": false,
                "values": [
                  "CentOS 7.8 (64-bit)"
                ]
              }
            ],
            "id": "SW.VSVR.OS.LNX64.CNTOS.0708.B050",
            "infra_resource_detail_type_code": null,
            "infra_resource_type": "SW",
            "os_information": "CentOS 7.8 (64-bit)",
            "platform_type": "LNX64",
            "platform_type_code_list": null,
            "product_code": "SW.VSVR.OS.LNX64.CNTOS.0708.B050",
            "product_description": "CentOS 7.8 (64-bit)",
            "product_name": "CentOS 7.8 (64-bit)",
            "product_name_regex": null,
            "product_type": "LINUX"
          },
          "sensitive_attributes": []
        }
      ]
    },
    {
      "module": "module.servers[\"svr-workshop-worker-003\"]",
      "mode": "data",
      "type": "ncloud_server_product",
      "name": "server_product",
      "provider": "provider[\"registry.terraform.io/navercloudplatform/ncloud\"]",
      "instances": [
        {
          "schema_version": 0,
          "attributes": {
            "base_block_storage_size": "50GB",
            "cpu_count": 2,
            "disk_type": "NET",
            "exclusion_product_code": null,
            "filter": [
              {
                "name": "generation_code",
                "regex": false,
                "values": [
                  "G2"
                ]
              },
              {
                "name": "product_name",
                "regex": false,
                "values": [
                  "vCPU 2EA, Memory 4GB, [SSD]Disk 50GB"
                ]
              },
              {
                "name": "product_type",
                "regex": false,
                "values": [
                  "HICPU"
                ]
              }
            ],
            "generation_code": "G2",
            "id": "SVR.VSVR.HICPU.C002.M004.NET.SSD.B050.G002",
            "infra_resource_type": "VSVR",
            "internet_line_type_code": null,
            "memory_size": "4GB",
            "product_code": "SVR.VSVR.HICPU.C002.M004.NET.SSD.B050.G002",
            "product_description": "vCPU 2EA, Memory 4GB, [SSD]Disk 50GB",
            "product_name": "vCPU 2EA, Memory 4GB, [SSD]Disk 50GB",
            "product_name_regex": null,
            "product_type": "HICPU",
            "server_image_product_code": "SW.VSVR.OS.LNX64.CNTOS.0708.B050",
            "zone": null
          },
          "sensitive_attributes": []
        }
      ]
    },
    {
      "module": "module.servers[\"svr-workshop-worker-003\"]",
      "mode": "managed",
      "type": "ncloud_network_interface",
      "name": "default_nic",
      "provider": "provider[\"registry.terraform.io/navercloudplatform/ncloud\"]",
      "instances": [
        {
          "schema_version": 0,
          "attributes": {
            "access_control_groups": [
              "63619"
            ],
            "description": "default nic for worker servers",
            "id": "890463",
            "instance_type": "VSVR",
            "is_default": true,
            "name": "nic-workshop-worker-003-def",
            "network_interface_no": "890463",
            "private_ip": "10.0.1.11",
            "server_instance_no": "12164791",
            "status": "USED",
            "subnet_no": "54067"
          },
          "sensitive_attributes": [],
          "private": "bnVsbA==",
          "dependencies": [
            "module.vpc.ncloud_access_control_group.acgs",
            "module.vpc.ncloud_network_acl.network_acls",
            "module.vpc.ncloud_subnet.loadbalancer_subnets",
            "module.vpc.ncloud_subnet.private_subnets",
            "module.vpc.ncloud_subnet.public_subnets",
            "module.vpc.ncloud_vpc.vpc"
          ]
        }
      ]
    },
    {
      "module": "module.servers[\"svr-workshop-worker-003\"]",
      "mode": "managed",
      "type": "ncloud_server",
      "name": "server",
      "provider": "provider[\"registry.terraform.io/navercloudplatform/ncloud\"]",
      "instances": [
        {
          "schema_version": 0,
          "attributes": {
            "access_control_group_configuration_no_list": null,
            "base_block_storage_disk_detail_type": "SSD",
            "base_block_storage_disk_type": "NET",
            "base_block_storage_size": null,
            "cpu_count": 2,
            "description": "worker servers",
            "fee_system_type_code": null,
            "id": "12164791",
            "init_script_no": "",
            "instance_no": "12164791",
            "internet_line_type": null,
            "is_encrypted_base_block_storage_volume": false,
            "is_fee_charging_monitoring": null,
            "is_protect_server_termination": false,
            "login_key_name": "key-workshop",
            "member_server_image_no": null,
            "memory_size": 4294967296,
            "name": "svr-workshop-worker-003",
            "network_interface": [
              {
                "network_interface_no": "890463",
                "order": 0,
                "private_ip": "10.0.1.11",
                "subnet_no": "54067"
              }
            ],
            "placement_group_no": "",
            "platform_type": "LNX64",
            "port_forwarding_external_port": null,
            "port_forwarding_internal_port": null,
            "port_forwarding_public_ip": null,
            "private_ip": null,
            "public_ip": "",
            "raid_type_name": null,
            "region": null,
            "server_image_name": null,
            "server_image_product_code": "SW.VSVR.OS.LNX64.CNTOS.0708.B050",
            "server_product_code": "SVR.VSVR.HICPU.C002.M004.NET.SSD.B050.G002",
            "subnet_no": "54067",
            "tag_list": [],
            "timeouts": null,
            "user_data": null,
            "vpc_no": "25448",
            "zone": "KR-1"
          },
          "sensitive_attributes": [],
          "private": "eyJlMmJmYjczMC1lY2FhLTExZTYtOGY4OC0zNDM2M2JjN2M0YzAiOnsiY3JlYXRlIjozNjAwMDAwMDAwMDAwLCJkZWxldGUiOjMwMDAwMDAwMDAwMH19",
          "dependencies": [
            "module.servers.data.ncloud_server_image.server_image",
            "module.servers.data.ncloud_server_product.server_product",
            "module.servers.ncloud_network_interface.default_nic",
            "module.vpc.ncloud_access_control_group.acgs",
            "module.vpc.ncloud_network_acl.network_acls",
            "module.vpc.ncloud_subnet.loadbalancer_subnets",
            "module.vpc.ncloud_subnet.private_subnets",
            "module.vpc.ncloud_subnet.public_subnets",
            "module.vpc.ncloud_vpc.vpc",
            "ncloud_login_key.loginkey"
          ]
        }
      ]
    },
    {
      "module": "module.vpc",
      "mode": "managed",
      "type": "ncloud_access_control_group",
      "name": "acgs",
      "provider": "provider[\"registry.terraform.io/navercloudplatform/ncloud\"]",
      "instances": [
        {
          "index_key": "acg-workshop-private",
          "schema_version": 0,
          "attributes": {
            "access_control_group_no": "63619",
            "description": "ACG for private servers",
            "id": "63619",
            "is_default": false,
            "name": "acg-workshop-private",
            "vpc_no": "25448"
          },
          "sensitive_attributes": [],
          "private": "bnVsbA==",
          "dependencies": [
            "module.vpc.ncloud_vpc.vpc"
          ]
        },
        {
          "index_key": "acg-workshop-public",
          "schema_version": 0,
          "attributes": {
            "access_control_group_no": "63618",
            "description": "ACG for public servers",
            "id": "63618",
            "is_default": false,
            "name": "acg-workshop-public",
            "vpc_no": "25448"
          },
          "sensitive_attributes": [],
          "private": "bnVsbA==",
          "dependencies": [
            "module.vpc.ncloud_vpc.vpc"
          ]
        }
      ]
    },
    {
      "module": "module.vpc",
      "mode": "managed",
      "type": "ncloud_access_control_group_rule",
      "name": "acg_rules",
      "provider": "provider[\"registry.terraform.io/navercloudplatform/ncloud\"]",
      "instances": [
        {
          "index_key": "acg-workshop-private",
          "schema_version": 0,
          "attributes": {
            "access_control_group_no": "63619",
            "id": "63619",
            "inbound": [
              {
                "description": "SSH allow form acg-workshop-public",
                "ip_block": "",
                "port_range": "22",
                "protocol": "TCP",
                "source_access_control_group_no": "63618"
              }
            ],
            "outbound": [
              {
                "description": "All allow to any",
                "ip_block": "0.0.0.0/0",
                "port_range": "1-65535",
                "protocol": "TCP",
                "source_access_control_group_no": ""
              },
              {
                "description": "All allow to any",
                "ip_block": "0.0.0.0/0",
                "port_range": "1-65535",
                "protocol": "UDP",
                "source_access_control_group_no": ""
              }
            ],
            "timeouts": null
          },
          "sensitive_attributes": [],
          "private": "eyJlMmJmYjczMC1lY2FhLTExZTYtOGY4OC0zNDM2M2JjN2M0YzAiOnsiY3JlYXRlIjozNjAwMDAwMDAwMDAwLCJkZWxldGUiOjMwMDAwMDAwMDAwMCwidXBkYXRlIjo2MDAwMDAwMDAwMDB9fQ==",
          "dependencies": [
            "module.vpc.ncloud_access_control_group.acgs",
            "module.vpc.ncloud_vpc.vpc"
          ]
        },
        {
          "index_key": "acg-workshop-public",
          "schema_version": 0,
          "attributes": {
            "access_control_group_no": "63618",
            "id": "63618",
            "inbound": [
              {
                "description": "SSH allow form any",
                "ip_block": "0.0.0.0/0",
                "port_range": "22",
                "protocol": "TCP",
                "source_access_control_group_no": ""
              }
            ],
            "outbound": [
              {
                "description": "All allow to any",
                "ip_block": "0.0.0.0/0",
                "port_range": "1-65535",
                "protocol": "TCP",
                "source_access_control_group_no": ""
              },
              {
                "description": "All allow to any",
                "ip_block": "0.0.0.0/0",
                "port_range": "1-65535",
                "protocol": "UDP",
                "source_access_control_group_no": ""
              }
            ],
            "timeouts": null
          },
          "sensitive_attributes": [],
          "private": "eyJlMmJmYjczMC1lY2FhLTExZTYtOGY4OC0zNDM2M2JjN2M0YzAiOnsiY3JlYXRlIjozNjAwMDAwMDAwMDAwLCJkZWxldGUiOjMwMDAwMDAwMDAwMCwidXBkYXRlIjo2MDAwMDAwMDAwMDB9fQ==",
          "dependencies": [
            "module.vpc.ncloud_access_control_group.acgs",
            "module.vpc.ncloud_vpc.vpc"
          ]
        }
      ]
    },
    {
      "module": "module.vpc",
      "mode": "managed",
      "type": "ncloud_subnet",
      "name": "private_subnets",
      "provider": "provider[\"registry.terraform.io/navercloudplatform/ncloud\"]",
      "instances": [
        {
          "index_key": "sbn-workshop-private",
          "schema_version": 0,
          "attributes": {
            "id": "54067",
            "name": "sbn-workshop-private",
            "network_acl_no": "39003",
            "subnet": "10.0.1.0/24",
            "subnet_no": "54067",
            "subnet_type": "PRIVATE",
            "usage_type": "GEN",
            "vpc_no": "25448",
            "zone": "KR-1"
          },
          "sensitive_attributes": [],
          "private": "bnVsbA==",
          "dependencies": [
            "module.vpc.ncloud_network_acl.network_acls",
            "module.vpc.ncloud_vpc.vpc"
          ]
        }
      ]
    },
    {
      "module": "module.vpc",
      "mode": "managed",
      "type": "ncloud_subnet",
      "name": "public_subnets",
      "provider": "provider[\"registry.terraform.io/navercloudplatform/ncloud\"]",
      "instances": [
        {
          "index_key": "sbn-workshop-public",
          "schema_version": 0,
          "attributes": {
            "id": "54066",
            "name": "sbn-workshop-public",
            "network_acl_no": "39003",
            "subnet": "10.0.0.0/24",
            "subnet_no": "54066",
            "subnet_type": "PUBLIC",
            "usage_type": "GEN",
            "vpc_no": "25448",
            "zone": "KR-1"
          },
          "sensitive_attributes": [],
          "private": "bnVsbA==",
          "dependencies": [
            "module.vpc.ncloud_network_acl.network_acls",
            "module.vpc.ncloud_vpc.vpc"
          ]
        }
      ]
    },
    {
      "module": "module.vpc",
      "mode": "managed",
      "type": "ncloud_vpc",
      "name": "vpc",
      "provider": "provider[\"registry.terraform.io/navercloudplatform/ncloud\"]",
      "instances": [
        {
          "schema_version": 0,
          "attributes": {
            "default_access_control_group_no": "63617",
            "default_network_acl_no": "39003",
            "default_private_route_table_no": "51941",
            "default_public_route_table_no": "51940",
            "id": "25448",
            "ipv4_cidr_block": "10.0.0.0/16",
            "name": "vpc-workshop",
            "vpc_no": "25448"
          },
          "sensitive_attributes": [],
          "private": "bnVsbA=="
        }
      ]
    }
  ]
}
